<?xml version="1.0" encoding="utf-8"?>
<Project ToolsVersion="4.0" xmlns="http://schemas.microsoft.com/developer/msbuild/2003">
  <ItemGroup>
    <ClCompile Include="main.cpp">
      <Filter>Source Files</Filter>
    </ClCompile>
    <ClCompile Include="render_particles.cpp">
      <Filter>Source Files</Filter>
    </ClCompile>
  </ItemGroup>
  <ItemGroup>
    <ClInclude Include="bodysystem.h">
      <Filter>Header Files</Filter>
    </ClInclude>
    <ClInclude Include="bodysystemcuda_impl.h">
      <Filter>Header Files</Filter>
    </ClInclude>
    <ClInclude Include="bodysystemcuda.h">
      <Filter>Header Files</Filter>
    </ClInclude>
    <ClInclude Include="render_particles.h">
      <Filter>Header Files</Filter>
    </ClInclude>
  </ItemGroup>
  <ItemGroup>
    <Filter Include="Header Files">
      <UniqueIdentifier>{dd458368-bcdf-4e58-9017-cf5704768ab4}</UniqueIdentifier>
    </Filter>
    <Filter Include="Source Files">
      <UniqueIdentifier>{90c9adb3-0d79-4213-b0b8-8fbc442036c9}</UniqueIdentifier>
    </Filter>
  </ItemGroup>
  <ItemGroup>
    <CudaCompile Include="bodysystemcuda.cu">
      <Filter>Source Files</Filter>
    </CudaCompile>
  </ItemGroup>
</Project>